<?xml version="1.0" encoding="utf-8"?>
<Project ToolsVersion="4.0" xmlns="http://schemas.microsoft.com/developer/msbuild/2003">
  <ItemGroup>
    <Filter Include="headers">
      <UniqueIdentifier>{93995380-89BD-4b04-88EB-625FBE52EBFB}</UniqueIdentifier>
      <Extensions>h;hh;hpp;hxx;hm;inl;inc;ipp;xsd</Extensions>
    </Filter>
    <Filter Include="headers\Math">
      <UniqueIdentifier>{d64f07e2-22be-4965-b0a8-e746e6795b97}</UniqueIdentifier>
    </Filter>
    <Filter Include="sources">
      <UniqueIdentifier>{4FC737F1-C7A5-4376-A066-2A32D752A2FF}</UniqueIdentifier>
      <Extensions>cpp;c;cc;cxx;def;odl;idl;hpj;bat;asm;asmx</Extensions>
    </Filter>
    <Filter Include="resources">
      <UniqueIdentifier>{67DA6AB6-F800-4c08-8B7A-83BB121AAD01}</UniqueIdentifier>
      <Extensions>rc;ico;cur;bmp;dlg;rc2;rct;bin;rgs;gif;jpg;jpeg;jpe;resx;tiff;tif;png;wav;mfcribbon-ms</Extensions>
    </Filter>
    <Filter Include="headers\Text">
      <UniqueIdentifier>{09449902-1983-4d92-9191-4bc20f13780e}</UniqueIdentifier>
    </Filter>
  </ItemGroup>
  <ItemGroup>
    <ClInclude Include="..\..\..\src\Base\Base.hpp">
      <Filter>headers</Filter>
    </ClInclude>
    <ClInclude Include="..\..\..\src\Base\Console.hpp">
      <Filter>headers</Filter>
    </ClInclude>
    <ClInclude Include="..\..\..\src\Base\Memory.hpp">
      <Filter>headers</Filter>
    </ClInclude>
    <ClInclude Include="..\..\..\src\Base\Math\Matrix.hpp">
      <Filter>headers\Math</Filter>
    </ClInclude>
    <ClInclude Include="..\..\..\src\Base\Math\Vector.hpp">
      <Filter>headers\Math</Filter>
    </ClInclude>
    <ClInclude Include="..\..\..\src\Base\Text\ITextWriter.hpp">
      <Filter>headers\Text</Filter>
    </ClInclude>
    <ClInclude Include="..\..\..\src\Base\Text\Text.hpp">
      <Filter>headers\Text</Filter>
    </ClInclude>
    <ClInclude Include="..\..\..\src\Base\Traits.hpp">
      <Filter>headers</Filter>
    </ClInclude>
  </ItemGroup>
  <ItemGroup>
    <ClCompile Include="main.cpp">
      <Filter>sources</Filter>
    </ClCompile>
  </ItemGroup>
</Project>